lockfileVersion: '9.0'

settings:
  autoInstallPeers: true
  excludeLinksFromLockfile: false

importers:

  .:
    dependencies:
      mp4-muxer:
        specifier: ^5.2.2
        version: 5.2.2
      playwright:
        specifier: ^1.62.1
        version: 1.62.1
      webm-muxer:
        specifier: ^5.1.4
        version: 5.1.4

packages:

  '@types/dom-webcodecs@0.1.19':
    resolution: {integrity: sha512-+yFUIDUaASFz0vQpWBErPxun/Lb+F0TdrlTsj50gm7K797YzEx2TmV6fEiwciHyFNghlZYPgQXH5qRcwMHcJFQ==}

  '@types/wicg-file-system-access@2020.9.8':
    resolution: {integrity: sha512-ggMz8nOygG7d/stpH40WVaNvBwuyYLnrg5Mbyf6bmsj/8+gb6Ei4ZZ9/4PNpcPNTT8th9Q8sM8wYmWGjMWLX/A==}

  fsevents@2.3.2:
    resolution: {integrity: sha512-xiqMQR4xAeHTuB9uWm+fFRcIOgKBMiOBP+eXiyT7jsgVCq1bkVygt00oASowB7EdtpOHaaPgKt812P9ab+DDKA==}
    engines: {node: ^8.16.0 || ^10.6.0 || >=11.0.0}
    os: [darwin]

  mp4-muxer@5.2.2:
    resolution: {integrity: sha512-dhozjTywI0h2qFzeShagt8YYw811fh1XlwiDCE2f6Aeqf6xG2CyuShoSa5E0AZDO8pPF0JOZ3wOmWBNWIGdSpQ==}
    deprecated: This library is superseded by Mediabunny. Please migrate to it.

  playwright-core@1.62.1:
    resolution: {integrity: sha512-wPYSwEBJY9GHraISXqyqtx0na0LpO3XEX7jNDhntbex7tzUS7kLnZsOlFruFJB4Hi/rhDMjXGqHewDZ68nYZVw==}
    engines: {node: '>=20'}
    hasBin: true

  playwright@1.62.1:
    resolution: {integrity: sha512-0M+L3LAD8/nm554LOla9Ayx0j0tmFZ0FBcoQ7F1VuVHpM/XpiC8RcDzBQB8W5+hA8L22THxELzeF+2WcUzvcLg==}
    engines: {node: '>=20'}
    hasBin: true

  webm-muxer@5.1.4:
    resolution: {integrity: sha512-ditzgFVFbfqPaugkIr4mGhAdob5K9HY6Rzlh7TRsA368yA1sp/m5O7nQCcMLdgFDeNGtFPg8B+MeXLtpzKWX6Q==}
    deprecated: This library is superseded by Mediabunny. Please migrate to it.

snapshots:

  '@types/dom-webcodecs@0.1.19': {}

  '@types/wicg-file-system-access@2020.9.8': {}

  fsevents@2.3.2:
    optional: true

  mp4-muxer@5.2.2:
    dependencies:
      '@types/dom-webcodecs': 0.1.19
      '@types/wicg-file-system-access': 2020.9.8

  playwright-core@1.62.1: {}

  playwright@1.62.1:
    dependencies:
      playwright-core: 1.62.1
    optionalDependencies:
      fsevents: 2.3.2

  webm-muxer@5.1.4:
    dependencies:
      '@types/dom-webcodecs': 0.1.19
      '@types/wicg-file-system-access': 2020.9.8
